
Microsoft Visual Studio Solution File, Format Version 12.00
# Visual Studio Version 17
VisualStudioVersion = 17.11.35327.3
MinimumVisualStudioVersion = 10.0.40219.1
Project("{9A19103F-16F7-4668-BE54-9A1E7A4F7556}") = "HoneyRaesAPI", "HoneyRaesAPI.csproj", "{B68E0DEC-196A-4CF4-AC5C-2A1F5772AD8D}"
EndProject
Global
	GlobalSection(SolutionConfigurationPlatforms) = preSolution
		Debug|Any CPU = Debug|Any CPU
		Release|Any CPU = Release|Any CPU
	EndGlobalSection
	GlobalSection(ProjectConfigurationPlatforms) = postSolution
		{B68E0DEC-196A-4CF4-AC5C-2A1F5772AD8D}.Debug|Any CPU.ActiveCfg = Debug|Any CPU
		{B68E0DEC-196A-4CF4-AC5C-2A1F5772AD8D}.Debug|Any CPU.Build.0 = Debug|Any CPU
		{B68E0DEC-196A-4CF4-AC5C-2A1F5772AD8D}.Release|Any CPU.ActiveCfg = Release|Any CPU
		{B68E0DEC-196A-4CF4-AC5C-2A1F5772AD8D}.Release|Any CPU.Build.0 = Release|Any CPU
	EndGlobalSection
	GlobalSection(SolutionProperties) = preSolution
		HideSolutionNode = FALSE
	EndGlobalSection
	GlobalSection(ExtensibilityGlobals) = postSolution
		SolutionGuid = {3955C392-7E53-443C-87D7-1DDBCB34EDFE}
	EndGlobalSection
EndGlobal
